{
  "version": 4,
  "terraform_version": "1.15.9",
  "serial": 9,
  "lineage": "9b5d696d-db29-a273-bd6e-1112c5bc7cf4",
  "outputs": {
    "server_ip": {
      "value": "136.65.240.149",
      "type": "string"
    }
  },
  "resources": [
    {
      "mode": "managed",
      "type": "google_compute_firewall",
      "name": "allow_ssh",
      "provider": "provider[\"registry.terraform.io/hashicorp/google\"]",
      "instances": [
        {
          "schema_version": 1,
          "attributes": {
            "allow": [
              {
                "ports": [
                  "22"
                ],
                "protocol": "tcp"
              }
            ],
            "creation_timestamp": "2026-08-20T09:58:27.825-07:00",
            "deletion_policy": "DELETE",
            "deny": [],
            "description": "",
            "destination_ranges": [],
            "direction": "INGRESS",
            "disabled": false,
            "enable_logging": null,
            "id": "projects/carbide-tenure-428618-v7/global/firewalls/allow-hosscomunicacion-ssh",
            "log_config": [],
            "name": "allow-hosscomunicacion-ssh",
            "network": "https://www.googleapis.com/compute/v1/projects/carbide-tenure-428618-v7/global/networks/default",
            "params": [],
            "priority": 1000,
            "project": "carbide-tenure-428618-v7",
            "self_link": "https://www.googleapis.com/compute/v1/projects/carbide-tenure-428618-v7/global/firewalls/allow-hosscomunicacion-ssh",
            "source_ranges": [
              "0.0.0.0/0"
            ],
            "source_service_accounts": null,
            "source_tags": null,
            "target_service_accounts": null,
            "target_tags": [
              "hosscomunicacion-web"
            ],
            "timeouts": null
          },
          "sensitive_attributes": [],
          "identity_schema_version": 1,
          "identity": {
            "name": "allow-hosscomunicacion-ssh",
            "project": "carbide-tenure-428618-v7"
          },
          "private": "eyJlMmJmYjczMC1lY2FhLTExZTYtOGY4OC0zNDM2M2JjN2M0YzAiOnsiY3JlYXRlIjoxMjAwMDAwMDAwMDAwLCJkZWxldGUiOjEyMDAwMDAwMDAwMDAsInVwZGF0ZSI6MTIwMDAwMDAwMDAwMH0sInNjaGVtYV92ZXJzaW9uIjoiMSJ9"
        }
      ]
    },
    {
      "mode": "managed",
      "type": "google_compute_firewall",
      "name": "allow_web",
      "provider": "provider[\"registry.terraform.io/hashicorp/google\"]",
      "instances": [
        {
          "schema_version": 1,
          "attributes": {
            "allow": [
              {
                "ports": [
                  "80",
                  "443"
                ],
                "protocol": "tcp"
              }
            ],
            "creation_timestamp": "2026-08-20T09:58:27.875-07:00",
            "deletion_policy": "DELETE",
            "deny": [],
            "description": "",
            "destination_ranges": [],
            "direction": "INGRESS",
            "disabled": false,
            "enable_logging": null,
            "id": "projects/carbide-tenure-428618-v7/global/firewalls/allow-hosscomunicacion-web",
            "log_config": [],
            "name": "allow-hosscomunicacion-web",
            "network": "https://www.googleapis.com/compute/v1/projects/carbide-tenure-428618-v7/global/networks/default",
            "params": [],
            "priority": 1000,
            "project": "carbide-tenure-428618-v7",
            "self_link": "https://www.googleapis.com/compute/v1/projects/carbide-tenure-428618-v7/global/firewalls/allow-hosscomunicacion-web",
            "source_ranges": [
              "0.0.0.0/0"
            ],
            "source_service_accounts": null,
            "source_tags": null,
            "target_service_accounts": null,
            "target_tags": [
              "hosscomunicacion-web"
            ],
            "timeouts": null
          },
          "sensitive_attributes": [],
          "identity_schema_version": 1,
          "identity": {
            "name": "allow-hosscomunicacion-web",
            "project": "carbide-tenure-428618-v7"
          },
          "private": "eyJlMmJmYjczMC1lY2FhLTExZTYtOGY4OC0zNDM2M2JjN2M0YzAiOnsiY3JlYXRlIjoxMjAwMDAwMDAwMDAwLCJkZWxldGUiOjEyMDAwMDAwMDAwMDAsInVwZGF0ZSI6MTIwMDAwMDAwMDAwMH0sInNjaGVtYV92ZXJzaW9uIjoiMSJ9"
        }
      ]
    },
    {
      "mode": "managed",
      "type": "google_compute_instance",
      "name": "vm_instance",
      "provider": "provider[\"registry.terraform.io/hashicorp/google\"]",
      "instances": [
        {
          "schema_version": 6,
          "attributes": {
            "advanced_machine_features": [],
            "allow_stopping_for_update": null,
            "attached_disk": [],
            "boot_disk": [
              {
                "auto_delete": true,
                "device_name": "persistent-disk-0",
                "disk_encryption_key_raw": "",
                "disk_encryption_key_rsa": "",
                "disk_encryption_key_sha256": "",
                "disk_encryption_service_account": "",
                "force_attach": false,
                "guest_os_features": [
                  "UEFI_COMPATIBLE",
                  "VIRTIO_SCSI_MULTIQUEUE",
                  "GVNIC",
                  "SEV_CAPABLE",
                  "SEV_LIVE_MIGRATABLE_V2"
                ],
                "initialize_params": [
                  {
                    "architecture": "X86_64",
                    "enable_confidential_compute": false,
                    "image": "https://www.googleapis.com/compute/v1/projects/debian-cloud/global/images/debian-12-bookworm-v20260817",
                    "labels": {},
                    "provisioned_iops": 0,
                    "provisioned_throughput": 0,
                    "replica_zones": null,
                    "resource_manager_tags": null,
                    "resource_policies": [],
                    "size": 30,
                    "snapshot": "",
                    "source_image_encryption_key": [],
                    "source_snapshot_encryption_key": [],
                    "storage_pool": "",
                    "type": "pd-standard"
                  }
                ],
                "interface": "",
                "kms_key_self_link": "",
                "mode": "READ_WRITE",
                "source": "https://www.googleapis.com/compute/v1/projects/carbide-tenure-428618-v7/zones/us-central1-c/disks/hosscomunicacion"
              }
            ],
            "can_ip_forward": false,
            "confidential_instance_config": null,
            "cpu_platform": "Intel Broadwell",
            "creation_timestamp": "2026-08-20T09:58:29.204-07:00",
            "current_status": "RUNNING",
            "deletion_policy": "DELETE",
            "deletion_protection": false,
            "description": "",
            "desired_status": null,
            "effective_labels": {
              "goog-terraform-provisioned": "true"
            },
            "enable_display": false,
            "guest_accelerator": [],
            "hostname": "",
            "id": "projects/carbide-tenure-428618-v7/zones/us-central1-c/instances/hosscomunicacion",
            "instance_encryption_key": [],
            "instance_id": "6560671395018869979",
            "key_revocation_action_type": "",
            "label_fingerprint": "vezUS-42LLM=",
            "labels": null,
            "machine_type": "e2-micro",
            "metadata": {
              "ssh-keys": "hoss:ssh-ed25519 AAAAC3NzaC1lZDI1NTE5AAAAIGASx1fiay8mBvEUlIDyDOHBF4Ed5ZT9LsXT5EYzxrCP"
            },
            "metadata_fingerprint": "CwW9tnr0iz8=",
            "metadata_startup_script": null,
            "min_cpu_platform": "",
            "name": "hosscomunicacion",
            "network_interface": [
              {
                "access_config": [
                  {
                    "nat_ip": "136.65.240.149",
                    "network_tier": "PREMIUM",
                    "public_ptr_domain_name": ""
                  }
                ],
                "alias_ip_range": [],
                "igmp_query": "",
                "internal_ipv6_prefix_length": 0,
                "ipv6_access_config": [],
                "ipv6_access_type": "",
                "ipv6_address": "",
                "name": "nic0",
                "network": "https://www.googleapis.com/compute/v1/projects/carbide-tenure-428618-v7/global/networks/default",
                "network_attachment": "",
                "network_ip": "10.128.0.2",
                "nic_type": "",
                "parent_nic_name": "",
                "queue_count": 0,
                "stack_type": "IPV4_ONLY",
                "subnetwork": "https://www.googleapis.com/compute/v1/projects/carbide-tenure-428618-v7/regions/us-central1/subnetworks/default",
                "subnetwork_project": "carbide-tenure-428618-v7",
                "vlan": 0
              }
            ],
            "network_performance_config": [],
            "params": [],
            "project": "carbide-tenure-428618-v7",
            "reservation_affinity": [],
            "resource_policies": null,
            "scheduling": [
              {
                "automatic_restart": true,
                "availability_domain": 0,
                "host_error_timeout_seconds": 0,
                "instance_termination_action": "",
                "local_ssd_recovery_timeout": [],
                "max_run_duration": [],
                "min_node_cpus": 0,
                "node_affinities": [],
                "on_host_maintenance": "MIGRATE",
                "on_instance_stop_action": [],
                "preemptible": false,
                "provisioning_model": "STANDARD",
                "termination_time": ""
              }
            ],
            "scratch_disk": [],
            "self_link": "https://www.googleapis.com/compute/v1/projects/carbide-tenure-428618-v7/zones/us-central1-c/instances/hosscomunicacion",
            "service_account": [],
            "shielded_instance_config": [
              {
                "enable_integrity_monitoring": true,
                "enable_secure_boot": false,
                "enable_vtpm": true
              }
            ],
            "tags": [
              "hosscomunicacion-web"
            ],
            "tags_fingerprint": "sh3ZhyrLg-Q=",
            "terraform_labels": {
              "goog-terraform-provisioned": "true"
            },
            "timeouts": null,
            "workload_identity_config": [],
            "zone": "us-central1-c"
          },
          "sensitive_attributes": [
            [
              {
                "type": "get_attr",
                "value": "boot_disk"
              },
              {
                "type": "index",
                "value": {
                  "value": 0,
                  "type": "number"
                }
              },
              {
                "type": "get_attr",
                "value": "disk_encryption_key_raw"
              }
            ],
            [
              {
                "type": "get_attr",
                "value": "boot_disk"
              },
              {
                "type": "index",
                "value": {
                  "value": 0,
                  "type": "number"
                }
              },
              {
                "type": "get_attr",
                "value": "disk_encryption_key_rsa"
              }
            ]
          ],
          "identity_schema_version": 1,
          "identity": {
            "name": "hosscomunicacion",
            "project": "carbide-tenure-428618-v7",
            "zone": "us-central1-c"
          },
          "private": "eyJlMmJmYjczMC1lY2FhLTExZTYtOGY4OC0zNDM2M2JjN2M0YzAiOnsiY3JlYXRlIjoxMjAwMDAwMDAwMDAwLCJkZWxldGUiOjEyMDAwMDAwMDAwMDAsInVwZGF0ZSI6MTIwMDAwMDAwMDAwMH0sInNjaGVtYV92ZXJzaW9uIjoiNiJ9"
        }
      ]
    },
    {
      "mode": "managed",
      "type": "local_file",
      "name": "deploy_inventory",
      "provider": "provider[\"registry.terraform.io/hashicorp/local\"]",
      "instances": [
        {
          "schema_version": 0,
          "attributes": {
            "content": "[servers]\r\nhosscomunicacion ansible_host=136.65.240.149 ansible_user=hoss\r\n",
            "content_base64": null,
            "content_base64sha256": "BOWSHEOe4bww+jHSj9t3pryMTs1I9a/NyLC2w9LNKxw=",
            "content_base64sha512": "cZY2ZCegjymdI7fe0nZFAejV3vGXaAAgN9RLMhVlhCp7XqUg62Z51C5JYf9HP5aYBC3GvBZCNPe1nZEtb/ce7A==",
            "content_md5": "55ef0a5b2f4a489ae3b9d3b84e41bdcd",
            "content_sha1": "c9c81a4d997ba1def44859aaae4f621c0ee828e2",
            "content_sha256": "04e5921c439ee1bc30fa31d28fdb77a6bc8c4ecd48f5afcdc8b0b6c3d2cd2b1c",
            "content_sha512": "7196366427a08f299d23b7ded2764501e8d5def19768002037d44b321565842a7b5ea520eb6679d42e4961ff473f9698042dc6bc164234f7b59d912d6ff71eec",
            "directory_permission": "0777",
            "file_permission": "0777",
            "filename": "../Ansible/inventory.ini",
            "id": "c9c81a4d997ba1def44859aaae4f621c0ee828e2",
            "sensitive_content": null,
            "source": null
          },
          "sensitive_attributes": [
            [
              {
                "type": "get_attr",
                "value": "sensitive_content"
              }
            ]
          ],
          "identity_schema_version": 0,
          "dependencies": [
            "google_compute_instance.vm_instance"
          ]
        }
      ]
    }
  ],
  "check_results": null
}
